
Microsoft Visual Studio Solution File, Format Version 12.00
# Visual Studio 15
VisualStudioVersion = 15.0.27428.2027
MinimumVisualStudioVersion = 10.0.40219.1
Project("{FAE04EC0-301F-11D3-BF4B-00C04F79EFBC}") = "Rocktop", "Rocktop\Rocktop.csproj", "{2F39C829-4D98-410C-9E48-9167D6893E54}"
EndProject
Global
	GlobalSection(SolutionConfigurationPlatforms) = preSolution
		Debug|iPhone = Debug|iPhone
		Debug|iPhoneSimulator = Debug|iPhoneSimulator
		Release|iPhone = Release|iPhone
		Release|iPhoneSimulator = Release|iPhoneSimulator
	EndGlobalSection
	GlobalSection(ProjectConfigurationPlatforms) = postSolution
		{2F39C829-4D98-410C-9E48-9167D6893E54}.Debug|iPhone.ActiveCfg = Debug|iPhone
		{2F39C829-4D98-410C-9E48-9167D6893E54}.Debug|iPhone.Build.0 = Debug|iPhone
		{2F39C829-4D98-410C-9E48-9167D6893E54}.Debug|iPhoneSimulator.ActiveCfg = Debug|iPhoneSimulator
		{2F39C829-4D98-410C-9E48-9167D6893E54}.Debug|iPhoneSimulator.Build.0 = Debug|iPhoneSimulator
		{2F39C829-4D98-410C-9E48-9167D6893E54}.Release|iPhone.ActiveCfg = Release|iPhone
		{2F39C829-4D98-410C-9E48-9167D6893E54}.Release|iPhone.Build.0 = Release|iPhone
		{2F39C829-4D98-410C-9E48-9167D6893E54}.Release|iPhoneSimulator.ActiveCfg = Release|iPhoneSimulator
		{2F39C829-4D98-410C-9E48-9167D6893E54}.Release|iPhoneSimulator.Build.0 = Release|iPhoneSimulator
	EndGlobalSection
	GlobalSection(SolutionProperties) = preSolution
		HideSolutionNode = FALSE
	EndGlobalSection
	GlobalSection(ExtensibilityGlobals) = postSolution
		SolutionGuid = {3DD7AF1C-A561-43DF-AEFD-5A1DE192AB2F}
	EndGlobalSection
EndGlobal
